
Microsoft Visual Studio Solution File, Format Version 12.00
# Visual Studio Version 17
VisualStudioVersion = 17.8.34525.116
MinimumVisualStudioVersion = 10.0.40219.1
Project("{FAE04EC0-301F-11D3-BF4B-00C04F79EFBC}") = "24 febrero djercicios", "24 febrero djercicios\24 febrero djercicios.csproj", "{C48CD298-9BB6-4FD7-8638-C5C055C9A428}"
EndProject
Global
	GlobalSection(SolutionConfigurationPlatforms) = preSolution
		Debug|Any CPU = Debug|Any CPU
		Release|Any CPU = Release|Any CPU
	EndGlobalSection
	GlobalSection(ProjectConfigurationPlatforms) = postSolution
		{C48CD298-9BB6-4FD7-8638-C5C055C9A428}.Debug|Any CPU.ActiveCfg = Debug|Any CPU
		{C48CD298-9BB6-4FD7-8638-C5C055C9A428}.Debug|Any CPU.Build.0 = Debug|Any CPU
		{C48CD298-9BB6-4FD7-8638-C5C055C9A428}.Release|Any CPU.ActiveCfg = Release|Any CPU
		{C48CD298-9BB6-4FD7-8638-C5C055C9A428}.Release|Any CPU.Build.0 = Release|Any CPU
	EndGlobalSection
	GlobalSection(SolutionProperties) = preSolution
		HideSolutionNode = FALSE
	EndGlobalSection
	GlobalSection(ExtensibilityGlobals) = postSolution
		SolutionGuid = {A04CC0BB-6984-4EA6-908A-B6BCA97901F2}
	EndGlobalSection
EndGlobal
